
Microsoft Visual Studio Solution File, Format Version 12.00
# Visual Studio Version 17
VisualStudioVersion = 17.6.33723.286
MinimumVisualStudioVersion = 10.0.40219.1
Project("{9A19103F-16F7-4668-BE54-9A1E7A4F7556}") = "OrgGoalsBCAndNetsuiteCrud", "OrgGoalsBCAndNetsuiteCrud\OrgGoalsBCAndNetsuiteCrud.csproj", "{44000FFB-8702-491A-B31D-E3639EB83508}"
EndProject
Global
	GlobalSection(SolutionConfigurationPlatforms) = preSolution
		Debug|Any CPU = Debug|Any CPU
		Release|Any CPU = Release|Any CPU
	EndGlobalSection
	GlobalSection(ProjectConfigurationPlatforms) = postSolution
		{44000FFB-8702-491A-B31D-E3639EB83508}.Debug|Any CPU.ActiveCfg = Debug|Any CPU
		{44000FFB-8702-491A-B31D-E3639EB83508}.Debug|Any CPU.Build.0 = Debug|Any CPU
		{44000FFB-8702-491A-B31D-E3639EB83508}.Release|Any CPU.ActiveCfg = Release|Any CPU
		{44000FFB-8702-491A-B31D-E3639EB83508}.Release|Any CPU.Build.0 = Release|Any CPU
	EndGlobalSection
	GlobalSection(SolutionProperties) = preSolution
		HideSolutionNode = FALSE
	EndGlobalSection
	GlobalSection(ExtensibilityGlobals) = postSolution
		SolutionGuid = {E5655399-F794-40C1-A650-699EF88C9099}
	EndGlobalSection
EndGlobal
